{
  "name": "hyperspace-agi",
  "version": "1.04.0",
  "lockfileVersion": 3,
  "requires": true,
  "packages": {
    "": {
      "name": "hyperspace-agi",
      "version": "1.04.0",
      "license": "MIT",
      "workspaces": [
        "shared",
        "control-plane"
      ],
      "devDependencies": {}
    },
    "control-plane": {
      "name": "@hyperspace/control-plane",
      "version": "1.04.0",
      "dependencies": {
        "@hyperspace/shared": "file:../shared"
      }
    },
    "node_modules/@hyperspace/control-plane": {
      "resolved": "control-plane",
      "link": true
    },
    "node_modules/@hyperspace/shared": {
      "resolved": "shared",
      "link": true
    },
    "shared": {
      "name": "@hyperspace/shared",
      "version": "1.04.0"
    }
  }
}
